
Microsoft Visual Studio Solution File, Format Version 11.00
# Visual Studio 2010
Project("{FAE04EC0-301F-11D3-BF4B-00C04F79EFBC}") = "Eater", "Assembly-CSharp.csproj", "{B88C4F97-E837-08BA-69B9-6425D8E4EFC3}"
EndProject
Global
	GlobalSection(SolutionConfigurationPlatforms) = preSolution
		Debug|Any CPU = Debug|Any CPU
		Release|Any CPU = Release|Any CPU
	EndGlobalSection
	GlobalSection(ProjectConfigurationPlatforms) = postSolution
		{B88C4F97-E837-08BA-69B9-6425D8E4EFC3}.Debug|Any CPU.ActiveCfg = Debug|Any CPU
		{B88C4F97-E837-08BA-69B9-6425D8E4EFC3}.Debug|Any CPU.Build.0 = Debug|Any CPU
		{B88C4F97-E837-08BA-69B9-6425D8E4EFC3}.Release|Any CPU.ActiveCfg = Release|Any CPU
		{B88C4F97-E837-08BA-69B9-6425D8E4EFC3}.Release|Any CPU.Build.0 = Release|Any CPU
	EndGlobalSection
	GlobalSection(SolutionProperties) = preSolution
		HideSolutionNode = FALSE
	EndGlobalSection
	GlobalSection(MonoDevelopProperties) = preSolution
		StartupItem = Assembly-CSharp.csproj
	EndGlobalSection
EndGlobal
